// !$*UTF8*$!
{
	archiveVersion = 1;
	classes = {
	};
	objectVersion = 46;
	objects = {

/* Begin PBXBuildFile section */
		26637E1C1D3A557B00E9A554 /* Assets.xcassets in Resources */ = {isa = PBXBuildFile; fileRef = 26637E1B1D3A557B00E9A554 /* Assets.xcassets */; };
		26BC90A91D3C77CB0075CCD6 /* AppDelegate.m in Sources */ = {isa = PBXBuildFile; fileRef = 26BC90A11D3C77CB0075CCD6 /* AppDelegate.m */; };
		26BC90AA1D3C77CB0075CCD6 /* YSYTabBarController.m in Sources */ = {isa = PBXBuildFile; fileRef = 26BC90A51D3C77CB0075CCD6 /* YSYTabBarController.m */; };
		26BC90AB1D3C77CB0075CCD6 /* main.m in Sources */ = {isa = PBXBuildFile; fileRef = 26BC90A61D3C77CB0075CCD6 /* main.m */; };
		26BC90AE1D3C79E20075CCD6 /* YSYEssenceViewController.m in Sources */ = {isa = PBXBuildFile; fileRef = 26BC90AD1D3C79E20075CCD6 /* YSYEssenceViewController.m */; };
		26BC90B11D3C7A100075CCD6 /* YSYFollowViewController.m in Sources */ = {isa = PBXBuildFile; fileRef = 26BC90B01D3C7A100075CCD6 /* YSYFollowViewController.m */; };
		26BC90B71D3C7A310075CCD6 /* YSYNewViewController.m in Sources */ = {isa = PBXBuildFile; fileRef = 26BC90B61D3C7A310075CCD6 /* YSYNewViewController.m */; };
		26BC90BA1D3C7B470075CCD6 /* YSYMeViewController.m in Sources */ = {isa = PBXBuildFile; fileRef = 26BC90B91D3C7B470075CCD6 /* YSYMeViewController.m */; };
		26BC90BD1D3C7EBF0075CCD6 /* YSYNavigationViewController.m in Sources */ = {isa = PBXBuildFile; fileRef = 26BC90BC1D3C7EBF0075CCD6 /* YSYNavigationViewController.m */; };
		26BC90C01D3C821C0075CCD6 /* YSYTabBar.m in Sources */ = {isa = PBXBuildFile; fileRef = 26BC90BF1D3C821C0075CCD6 /* YSYTabBar.m */; };
		26BC90C31D3C89260075CCD6 /* UIBarButtonItem+YSYExtension.m in Sources */ = {isa = PBXBuildFile; fileRef = 26BC90C21D3C89260075CCD6 /* UIBarButtonItem+YSYExtension.m */; };
		26BC90C91D3CD0BF0075CCD6 /* UIView+YSYExtension.m in Sources */ = {isa = PBXBuildFile; fileRef = 26BC90C81D3CD0BF0075CCD6 /* UIView+YSYExtension.m */; };
/* End PBXBuildFile section */

/* Begin PBXFileReference section */
		26637E0C1D3A557B00E9A554 /* NoSister.app */ = {isa = PBXFileReference; explicitFileType = wrapper.application; includeInIndex = 0; path = NoSister.app; sourceTree = BUILT_PRODUCTS_DIR; };
		26637E1B1D3A557B00E9A554 /* Assets.xcassets */ = {isa = PBXFileReference; lastKnownFileType = folder.assetcatalog; path = Assets.xcassets; sourceTree = "<group>"; };
		26637E201D3A557B00E9A554 /* Info.plist */ = {isa = PBXFileReference; lastKnownFileType = text.plist.xml; path = Info.plist; sourceTree = "<group>"; };
		26BC90A01D3C77CB0075CCD6 /* AppDelegate.h */ = {isa = PBXFileReference; fileEncoding = 4; lastKnownFileType = sourcecode.c.h; path = AppDelegate.h; sourceTree = "<group>"; };
		26BC90A11D3C77CB0075CCD6 /* AppDelegate.m */ = {isa = PBXFileReference; fileEncoding = 4; lastKnownFileType = sourcecode.c.objc; path = AppDelegate.m; sourceTree = "<group>"; };
		26BC90A41D3C77CB0075CCD6 /* YSYTabBarController.h */ = {isa = PBXFileReference; fileEncoding = 4; lastKnownFileType = sourcecode.c.h; path = YSYTabBarController.h; sourceTree = "<group>"; };
		26BC90A51D3C77CB0075CCD6 /* YSYTabBarController.m */ = {isa = PBXFileReference; fileEncoding = 4; lastKnownFileType = sourcecode.c.objc; path = YSYTabBarController.m; sourceTree = "<group>"; };
		26BC90A61D3C77CB0075CCD6 /* main.m */ = {isa = PBXFileReference; fileEncoding = 4; lastKnownFileType = sourcecode.c.objc; path = main.m; sourceTree = "<group>"; };
		26BC90A71D3C77CB0075CCD6 /* PrefixHeader.pch */ = {isa = PBXFileReference; fileEncoding = 4; lastKnownFileType = sourcecode.c.h; path = PrefixHeader.pch; sourceTree = "<group>"; };
		26BC90AC1D3C79E20075CCD6 /* YSYEssenceViewController.h */ = {isa = PBXFileReference; fileEncoding = 4; lastKnownFileType = sourcecode.c.h; path = YSYEssenceViewController.h; sourceTree = "<group>"; };
		26BC90AD1D3C79E20075CCD6 /* YSYEssenceViewController.m */ = {isa = PBXFileReference; fileEncoding = 4; lastKnownFileType = sourcecode.c.objc; path = YSYEssenceViewController.m; sourceTree = "<group>"; };
		26BC90AF1D3C7A100075CCD6 /* YSYFollowViewController.h */ = {isa = PBXFileReference; fileEncoding = 4; lastKnownFileType = sourcecode.c.h; path = YSYFollowViewController.h; sourceTree = "<group>"; };
		26BC90B01D3C7A100075CCD6 /* YSYFollowViewController.m */ = {isa = PBXFileReference; fileEncoding = 4; lastKnownFileType = sourcecode.c.objc; path = YSYFollowViewController.m; sourceTree = "<group>"; };
		26BC90B51D3C7A310075CCD6 /* YSYNewViewController.h */ = {isa = PBXFileReference; fileEncoding = 4; lastKnownFileType = sourcecode.c.h; path = YSYNewViewController.h; sourceTree = "<group>"; };
		26BC90B61D3C7A310075CCD6 /* YSYNewViewController.m */ = {isa = PBXFileReference; fileEncoding = 4; lastKnownFileType = sourcecode.c.objc; path = YSYNewViewController.m; sourceTree = "<group>"; };
		26BC90B81D3C7B470075CCD6 /* YSYMeViewController.h */ = {isa = PBXFileReference; fileEncoding = 4; lastKnownFileType = sourcecode.c.h; path = YSYMeViewController.h; sourceTree = "<group>"; };
		26BC90B91D3C7B470075CCD6 /* YSYMeViewController.m */ = {isa = PBXFileReference; fileEncoding = 4; lastKnownFileType = sourcecode.c.objc; path = YSYMeViewController.m; sourceTree = "<group>"; };
		26BC90BB1D3C7EBF0075CCD6 /* YSYNavigationViewController.h */ = {isa = PBXFileReference; fileEncoding = 4; lastKnownFileType = sourcecode.c.h; path = YSYNavigationViewController.h; sourceTree = "<group>"; };
		26BC90BC1D3C7EBF0075CCD6 /* YSYNavigationViewController.m */ = {isa = PBXFileReference; fileEncoding = 4; lastKnownFileType = sourcecode.c.objc; path = YSYNavigationViewController.m; sourceTree = "<group>"; };
		26BC90BE1D3C821C0075CCD6 /* YSYTabBar.h */ = {isa = PBXFileReference; fileEncoding = 4; lastKnownFileType = sourcecode.c.h; path = YSYTabBar.h; sourceTree = "<group>"; };
		26BC90BF1D3C821C0075CCD6 /* YSYTabBar.m */ = {isa = PBXFileReference; fileEncoding = 4; lastKnownFileType = sourcecode.c.objc; path = YSYTabBar.m; sourceTree = "<group>"; };
		26BC90C11D3C89260075CCD6 /* UIBarButtonItem+YSYExtension.h */ = {isa = PBXFileReference; fileEncoding = 4; lastKnownFileType = sourcecode.c.h; path = "UIBarButtonItem+YSYExtension.h"; sourceTree = "<group>"; };
		26BC90C21D3C89260075CCD6 /* UIBarButtonItem+YSYExtension.m */ = {isa = PBXFileReference; fileEncoding = 4; lastKnownFileType = sourcecode.c.objc; path = "UIBarButtonItem+YSYExtension.m"; sourceTree = "<group>"; };
		26BC90C71D3CD0BF0075CCD6 /* UIView+YSYExtension.h */ = {isa = PBXFileReference; fileEncoding = 4; lastKnownFileType = sourcecode.c.h; path = "UIView+YSYExtension.h"; sourceTree = "<group>"; };
		26BC90C81D3CD0BF0075CCD6 /* UIView+YSYExtension.m */ = {isa = PBXFileReference; fileEncoding = 4; lastKnownFileType = sourcecode.c.objc; path = "UIView+YSYExtension.m"; sourceTree = "<group>"; };
/* End PBXFileReference section */

/* Begin PBXFrameworksBuildPhase section */
		26637E091D3A557B00E9A554 /* Frameworks */ = {
			isa = PBXFrameworksBuildPhase;
			buildActionMask = 2147483647;
			files = (
			);
			runOnlyForDeploymentPostprocessing = 0;
		};
/* End PBXFrameworksBuildPhase section */

/* Begin PBXGroup section */
		26637E031D3A557B00E9A554 = {
			isa = PBXGroup;
			children = (
				26637E0E1D3A557B00E9A554 /* NoSister */,
				26637E0D1D3A557B00E9A554 /* Products */,
			);
			sourceTree = "<group>";
		};
		26637E0D1D3A557B00E9A554 /* Products */ = {
			isa = PBXGroup;
			children = (
				26637E0C1D3A557B00E9A554 /* NoSister.app */,
			);
			name = Products;
			sourceTree = "<group>";
		};
		26637E0E1D3A557B00E9A554 /* NoSister */ = {
			isa = PBXGroup;
			children = (
				26BC908E1D3C77CB0075CCD6 /* Classes */,
				26637E0F1D3A557B00E9A554 /* Supporting Files */,
			);
			path = NoSister;
			sourceTree = "<group>";
		};
		26637E0F1D3A557B00E9A554 /* Supporting Files */ = {
			isa = PBXGroup;
			children = (
				26637E1B1D3A557B00E9A554 /* Assets.xcassets */,
				26637E201D3A557B00E9A554 /* Info.plist */,
			);
			name = "Supporting Files";
			sourceTree = "<group>";
		};
		26BC908E1D3C77CB0075CCD6 /* Classes */ = {
			isa = PBXGroup;
			children = (
				26BC908F1D3C77CB0075CCD6 /* Essence */,
				26BC90931D3C77CB0075CCD6 /* Follow */,
				26BC90971D3C77CB0075CCD6 /* Me */,
				26BC909B1D3C77CB0075CCD6 /* New */,
				26BC909F1D3C77CB0075CCD6 /* Other */,
			);
			path = Classes;
			sourceTree = "<group>";
		};
		26BC908F1D3C77CB0075CCD6 /* Essence */ = {
			isa = PBXGroup;
			children = (
				26BC90901D3C77CB0075CCD6 /* Controller */,
				26BC90911D3C77CB0075CCD6 /* Model */,
				26BC90921D3C77CB0075CCD6 /* View */,
			);
			path = Essence;
			sourceTree = "<group>";
		};
		26BC90901D3C77CB0075CCD6 /* Controller */ = {
			isa = PBXGroup;
			children = (
				26BC90AC1D3C79E20075CCD6 /* YSYEssenceViewController.h */,
				26BC90AD1D3C79E20075CCD6 /* YSYEssenceViewController.m */,
			);
			path = Controller;
			sourceTree = "<group>";
		};
		26BC90911D3C77CB0075CCD6 /* Model */ = {
			isa = PBXGroup;
			children = (
			);
			path = Model;
			sourceTree = "<group>";
		};
		26BC90921D3C77CB0075CCD6 /* View */ = {
			isa = PBXGroup;
			children = (
			);
			path = View;
			sourceTree = "<group>";
		};
		26BC90931D3C77CB0075CCD6 /* Follow */ = {
			isa = PBXGroup;
			children = (
				26BC90941D3C77CB0075CCD6 /* Controller */,
				26BC90951D3C77CB0075CCD6 /* Model */,
				26BC90961D3C77CB0075CCD6 /* View */,
			);
			path = Follow;
			sourceTree = "<group>";
		};
		26BC90941D3C77CB0075CCD6 /* Controller */ = {
			isa = PBXGroup;
			children = (
				26BC90AF1D3C7A100075CCD6 /* YSYFollowViewController.h */,
				26BC90B01D3C7A100075CCD6 /* YSYFollowViewController.m */,
			);
			path = Controller;
			sourceTree = "<group>";
		};
		26BC90951D3C77CB0075CCD6 /* Model */ = {
			isa = PBXGroup;
			children = (
			);
			path = Model;
			sourceTree = "<group>";
		};
		26BC90961D3C77CB0075CCD6 /* View */ = {
			isa = PBXGroup;
			children = (
			);
			path = View;
			sourceTree = "<group>";
		};
		26BC90971D3C77CB0075CCD6 /* Me */ = {
			isa = PBXGroup;
			children = (
				26BC90981D3C77CB0075CCD6 /* Controller */,
				26BC90991D3C77CB0075CCD6 /* Model */,
				26BC909A1D3C77CB0075CCD6 /* View */,
			);
			path = Me;
			sourceTree = "<group>";
		};
		26BC90981D3C77CB0075CCD6 /* Controller */ = {
			isa = PBXGroup;
			children = (
				26BC90B81D3C7B470075CCD6 /* YSYMeViewController.h */,
				26BC90B91D3C7B470075CCD6 /* YSYMeViewController.m */,
			);
			path = Controller;
			sourceTree = "<group>";
		};
		26BC90991D3C77CB0075CCD6 /* Model */ = {
			isa = PBXGroup;
			children = (
			);
			path = Model;
			sourceTree = "<group>";
		};
		26BC909A1D3C77CB0075CCD6 /* View */ = {
			isa = PBXGroup;
			children = (
			);
			path = View;
			sourceTree = "<group>";
		};
		26BC909B1D3C77CB0075CCD6 /* New */ = {
			isa = PBXGroup;
			children = (
				26BC909C1D3C77CB0075CCD6 /* Controller */,
				26BC909D1D3C77CB0075CCD6 /* Model */,
				26BC909E1D3C77CB0075CCD6 /* View */,
			);
			path = New;
			sourceTree = "<group>";
		};
		26BC909C1D3C77CB0075CCD6 /* Controller */ = {
			isa = PBXGroup;
			children = (
				26BC90B51D3C7A310075CCD6 /* YSYNewViewController.h */,
				26BC90B61D3C7A310075CCD6 /* YSYNewViewController.m */,
			);
			path = Controller;
			sourceTree = "<group>";
		};
		26BC909D1D3C77CB0075CCD6 /* Model */ = {
			isa = PBXGroup;
			children = (
			);
			path = Model;
			sourceTree = "<group>";
		};
		26BC909E1D3C77CB0075CCD6 /* View */ = {
			isa = PBXGroup;
			children = (
			);
			path = View;
			sourceTree = "<group>";
		};
		26BC909F1D3C77CB0075CCD6 /* Other */ = {
			isa = PBXGroup;
			children = (
				26BC90A81D3C77CB0075CCD6 /* View */,
				26BC90A21D3C77CB0075CCD6 /* Category */,
				26BC90A31D3C77CB0075CCD6 /* Controller */,
				26BC90A01D3C77CB0075CCD6 /* AppDelegate.h */,
				26BC90A11D3C77CB0075CCD6 /* AppDelegate.m */,
				26BC90A61D3C77CB0075CCD6 /* main.m */,
				26BC90A71D3C77CB0075CCD6 /* PrefixHeader.pch */,
			);
			path = Other;
			sourceTree = "<group>";
		};
		26BC90A21D3C77CB0075CCD6 /* Category */ = {
			isa = PBXGroup;
			children = (
				26BC90C11D3C89260075CCD6 /* UIBarButtonItem+YSYExtension.h */,
				26BC90C21D3C89260075CCD6 /* UIBarButtonItem+YSYExtension.m */,
				26BC90C71D3CD0BF0075CCD6 /* UIView+YSYExtension.h */,
				26BC90C81D3CD0BF0075CCD6 /* UIView+YSYExtension.m */,
			);
			path = Category;
			sourceTree = "<group>";
		};
		26BC90A31D3C77CB0075CCD6 /* Controller */ = {
			isa = PBXGroup;
			children = (
				26BC90A41D3C77CB0075CCD6 /* YSYTabBarController.h */,
				26BC90A51D3C77CB0075CCD6 /* YSYTabBarController.m */,
				26BC90BB1D3C7EBF0075CCD6 /* YSYNavigationViewController.h */,
				26BC90BC1D3C7EBF0075CCD6 /* YSYNavigationViewController.m */,
				26BC90BE1D3C821C0075CCD6 /* YSYTabBar.h */,
				26BC90BF1D3C821C0075CCD6 /* YSYTabBar.m */,
			);
			path = Controller;
			sourceTree = "<group>";
		};
		26BC90A81D3C77CB0075CCD6 /* View */ = {
			isa = PBXGroup;
			children = (
			);
			path = View;
			sourceTree = "<group>";
		};
/* End PBXGroup section */

/* Begin PBXNativeTarget section */
		26637E0B1D3A557B00E9A554 /* NoSister */ = {
			isa = PBXNativeTarget;
			buildConfigurationList = 26637E231D3A557B00E9A554 /* Build configuration list for PBXNativeTarget "NoSister" */;
			buildPhases = (
				26637E081D3A557B00E9A554 /* Sources */,
				26637E091D3A557B00E9A554 /* Frameworks */,
				26637E0A1D3A557B00E9A554 /* Resources */,
			);
			buildRules = (
			);
			dependencies = (
			);
			name = NoSister;
			productName = NoSister;
			productReference = 26637E0C1D3A557B00E9A554 /* NoSister.app */;
			productType = "com.apple.product-type.application";
		};
/* End PBXNativeTarget section */

/* Begin PBXProject section */
		26637E041D3A557B00E9A554 /* Project object */ = {
			isa = PBXProject;
			attributes = {
				CLASSPREFIX = YSY;
				LastUpgradeCheck = 0730;
				ORGANIZATIONNAME = YSY;
				TargetAttributes = {
					26637E0B1D3A557B00E9A554 = {
						CreatedOnToolsVersion = 7.3.1;
					};
				};
			};
			buildConfigurationList = 26637E071D3A557B00E9A554 /* Build configuration list for PBXProject "NoSister" */;
			compatibilityVersion = "Xcode 3.2";
			developmentRegion = English;
			hasScannedForEncodings = 0;
			knownRegions = (
				en,
				Base,
			);
			mainGroup = 26637E031D3A557B00E9A554;
			productRefGroup = 26637E0D1D3A557B00E9A554 /* Products */;
			projectDirPath = "";
			projectRoot = "";
			targets = (
				26637E0B1D3A557B00E9A554 /* NoSister */,
			);
		};
/* End PBXProject section */

/* Begin PBXResourcesBuildPhase section */
		26637E0A1D3A557B00E9A554 /* Resources */ = {
			isa = PBXResourcesBuildPhase;
			buildActionMask = 2147483647;
			files = (
				26637E1C1D3A557B00E9A554 /* Assets.xcassets in Resources */,
			);
			runOnlyForDeploymentPostprocessing = 0;
		};
/* End PBXResourcesBuildPhase section */

/* Begin PBXSourcesBuildPhase section */
		26637E081D3A557B00E9A554 /* Sources */ = {
			isa = PBXSourcesBuildPhase;
			buildActionMask = 2147483647;
			files = (
				26BC90C01D3C821C0075CCD6 /* YSYTabBar.m in Sources */,
				26BC90A91D3C77CB0075CCD6 /* AppDelegate.m in Sources */,
				26BC90C31D3C89260075CCD6 /* UIBarButtonItem+YSYExtension.m in Sources */,
				26BC90B71D3C7A310075CCD6 /* YSYNewViewController.m in Sources */,
				26BC90BA1D3C7B470075CCD6 /* YSYMeViewController.m in Sources */,
				26BC90B11D3C7A100075CCD6 /* YSYFollowViewController.m in Sources */,
				26BC90BD1D3C7EBF0075CCD6 /* YSYNavigationViewController.m in Sources */,
				26BC90AB1D3C77CB0075CCD6 /* main.m in Sources */,
				26BC90AA1D3C77CB0075CCD6 /* YSYTabBarController.m in Sources */,
				26BC90AE1D3C79E20075CCD6 /* YSYEssenceViewController.m in Sources */,
				26BC90C91D3CD0BF0075CCD6 /* UIView+YSYExtension.m in Sources */,
			);
			runOnlyForDeploymentPostprocessing = 0;
		};
/* End PBXSourcesBuildPhase section */

/* Begin XCBuildConfiguration section */
		26637E211D3A557B00E9A554 /* Debug */ = {
			isa = XCBuildConfiguration;
			buildSettings = {
				ALWAYS_SEARCH_USER_PATHS = NO;
				CLANG_ANALYZER_NONNULL = YES;
				CLANG_CXX_LANGUAGE_STANDARD = "gnu++0x";
				CLANG_CXX_LIBRARY = "libc++";
				CLANG_ENABLE_MODULES = YES;
				CLANG_ENABLE_OBJC_ARC = YES;
				CLANG_WARN_BOOL_CONVERSION = YES;
				CLANG_WARN_CONSTANT_CONVERSION = YES;
				CLANG_WARN_DIRECT_OBJC_ISA_USAGE = YES_ERROR;
				CLANG_WARN_EMPTY_BODY = YES;
				CLANG_WARN_ENUM_CONVERSION = YES;
				CLANG_WARN_INT_CONVERSION = YES;
				CLANG_WARN_OBJC_ROOT_CLASS = YES_ERROR;
				CLANG_WARN_UNREACHABLE_CODE = YES;
				CLANG_WARN__DUPLICATE_METHOD_MATCH = YES;
				"CODE_SIGN_IDENTITY[sdk=iphoneos*]" = "iPhone Developer";
				COPY_PHASE_STRIP = NO;
				DEBUG_INFORMATION_FORMAT = dwarf;
				ENABLE_STRICT_OBJC_MSGSEND = YES;
				ENABLE_TESTABILITY = YES;
				GCC_C_LANGUAGE_STANDARD = gnu99;
				GCC_DYNAMIC_NO_PIC = NO;
				GCC_NO_COMMON_BLOCKS = YES;
				GCC_OPTIMIZATION_LEVEL = 0;
				GCC_PREPROCESSOR_DEFINITIONS = (
					"DEBUG=1",
					"$(inherited)",
				);
				GCC_WARN_64_TO_32_BIT_CONVERSION = YES;
				GCC_WARN_ABOUT_RETURN_TYPE = YES_ERROR;
				GCC_WARN_UNDECLARED_SELECTOR = YES;
				GCC_WARN_UNINITIALIZED_AUTOS = YES_AGGRESSIVE;
				GCC_WARN_UNUSED_FUNCTION = YES;
				GCC_WARN_UNUSED_VARIABLE = YES;
				IPHONEOS_DEPLOYMENT_TARGET = 9.0;
				MTL_ENABLE_DEBUG_INFO = YES;
				ONLY_ACTIVE_ARCH = YES;
				SDKROOT = iphoneos;
				TARGETED_DEVICE_FAMILY = "1,2";
			};
			name = Debug;
		};
		26637E221D3A557B00E9A554 /* Release */ = {
			isa = XCBuildConfiguration;
			buildSettings = {
				ALWAYS_SEARCH_USER_PATHS = NO;
				CLANG_ANALYZER_NONNULL = YES;
				CLANG_CXX_LANGUAGE_STANDARD = "gnu++0x";
				CLANG_CXX_LIBRARY = "libc++";
				CLANG_ENABLE_MODULES = YES;
				CLANG_ENABLE_OBJC_ARC = YES;
				CLANG_WARN_BOOL_CONVERSION = YES;
				CLANG_WARN_CONSTANT_CONVERSION = YES;
				CLANG_WARN_DIRECT_OBJC_ISA_USAGE = YES_ERROR;
				CLANG_WARN_EMPTY_BODY = YES;
				CLANG_WARN_ENUM_CONVERSION = YES;
				CLANG_WARN_INT_CONVERSION = YES;
				CLANG_WARN_OBJC_ROOT_CLASS = YES_ERROR;
				CLANG_WARN_UNREACHABLE_CODE = YES;
				CLANG_WARN__DUPLICATE_METHOD_MATCH = YES;
				"CODE_SIGN_IDENTITY[sdk=iphoneos*]" = "iPhone Developer";
				COPY_PHASE_STRIP = NO;
				DEBUG_INFORMATION_FORMAT = "dwarf-with-dsym";
				ENABLE_NS_ASSERTIONS = NO;
				ENABLE_STRICT_OBJC_MSGSEND = YES;
				GCC_C_LANGUAGE_STANDARD = gnu99;
				GCC_NO_COMMON_BLOCKS = YES;
				GCC_WARN_64_TO_32_BIT_CONVERSION = YES;
				GCC_WARN_ABOUT_RETURN_TYPE = YES_ERROR;
				GCC_WARN_UNDECLARED_SELECTOR = YES;
				GCC_WARN_UNINITIALIZED_AUTOS = YES_AGGRESSIVE;
				GCC_WARN_UNUSED_FUNCTION = YES;
				GCC_WARN_UNUSED_VARIABLE = YES;
				IPHONEOS_DEPLOYMENT_TARGET = 9.0;
				MTL_ENABLE_DEBUG_INFO = NO;
				SDKROOT = iphoneos;
				TARGETED_DEVICE_FAMILY = "1,2";
				VALIDATE_PRODUCT = YES;
			};
			name = Release;
		};
		26637E241D3A557B00E9A554 /* Debug */ = {
			isa = XCBuildConfiguration;
			buildSettings = {
				ASSETCATALOG_COMPILER_APPICON_NAME = AppIcon;
				ASSETCATALOG_COMPILER_LAUNCHIMAGE_NAME = "Brand Assets";
				CODE_SIGN_IDENTITY = "iPhone Developer";
				GCC_PREFIX_HEADER = NoSister/Classes/Other/PrefixHeader.pch;
				INFOPLIST_FILE = NoSister/Info.plist;
				IPHONEOS_DEPLOYMENT_TARGET = 9.0;
				LD_RUNPATH_SEARCH_PATHS = "$(inherited) @executable_path/Frameworks";
				PRODUCT_BUNDLE_IDENTIFIER = YSY.NoSister;
				PRODUCT_NAME = "$(TARGET_NAME)";
				TARGETED_DEVICE_FAMILY = 1;
			};
			name = Debug;
		};
		26637E251D3A557B00E9A554 /* Release */ = {
			isa = XCBuildConfiguration;
			buildSettings = {
				ASSETCATALOG_COMPILER_APPICON_NAME = AppIcon;
				ASSETCATALOG_COMPILER_LAUNCHIMAGE_NAME = "Brand Assets";
				CODE_SIGN_IDENTITY = "iPhone Developer";
				GCC_PREFIX_HEADER = NoSister/Classes/Other/PrefixHeader.pch;
				INFOPLIST_FILE = NoSister/Info.plist;
				IPHONEOS_DEPLOYMENT_TARGET = 9.0;
				LD_RUNPATH_SEARCH_PATHS = "$(inherited) @executable_path/Frameworks";
				PRODUCT_BUNDLE_IDENTIFIER = YSY.NoSister;
				PRODUCT_NAME = "$(TARGET_NAME)";
				TARGETED_DEVICE_FAMILY = 1;
			};
			name = Release;
		};
/* End XCBuildConfiguration section */

/* Begin XCConfigurationList section */
		26637E071D3A557B00E9A554 /* Build configuration list for PBXProject "NoSister" */ = {
			isa = XCConfigurationList;
			buildConfigurations = (
				26637E211D3A557B00E9A554 /* Debug */,
				26637E221D3A557B00E9A554 /* Release */,
			);
			defaultConfigurationIsVisible = 0;
			defaultConfigurationName = Release;
		};
		26637E231D3A557B00E9A554 /* Build configuration list for PBXNativeTarget "NoSister" */ = {
			isa = XCConfigurationList;
			buildConfigurations = (
				26637E241D3A557B00E9A554 /* Debug */,
				26637E251D3A557B00E9A554 /* Release */,
			);
			defaultConfigurationIsVisible = 0;
			defaultConfigurationName = Release;
		};
/* End XCConfigurationList section */
	};
	rootObject = 26637E041D3A557B00E9A554 /* Project object */;
}
